
Microsoft Visual Studio Solution File, Format Version 12.00
# Visual Studio Version 16
VisualStudioVersion = 16.0.31829.152
MinimumVisualStudioVersion = 10.0.40219.1
Project("{FAE04EC0-301F-11D3-BF4B-00C04F79EFBC}") = "MCD_OOPInterfaceNedir", "MCD_OOPInterfaceNedir\MCD_OOPInterfaceNedir.csproj", "{F4271D30-73F6-4817-943F-C32063D72511}"
EndProject
Global
	GlobalSection(SolutionConfigurationPlatforms) = preSolution
		Debug|Any CPU = Debug|Any CPU
		Release|Any CPU = Release|Any CPU
	EndGlobalSection
	GlobalSection(ProjectConfigurationPlatforms) = postSolution
		{F4271D30-73F6-4817-943F-C32063D72511}.Debug|Any CPU.ActiveCfg = Debug|Any CPU
		{F4271D30-73F6-4817-943F-C32063D72511}.Debug|Any CPU.Build.0 = Debug|Any CPU
		{F4271D30-73F6-4817-943F-C32063D72511}.Release|Any CPU.ActiveCfg = Release|Any CPU
		{F4271D30-73F6-4817-943F-C32063D72511}.Release|Any CPU.Build.0 = Release|Any CPU
	EndGlobalSection
	GlobalSection(SolutionProperties) = preSolution
		HideSolutionNode = FALSE
	EndGlobalSection
	GlobalSection(ExtensibilityGlobals) = postSolution
		SolutionGuid = {79664C5A-3DED-4F4B-9AAF-2D78B667BC40}
	EndGlobalSection
EndGlobal
